
Microsoft Visual Studio Solution File, Format Version 11.00
# Visual Studio 2010
Project("{FAE04EC0-301F-11D3-BF4B-00C04F79EFBC}") = "QuickStart", "QuickStart.csproj", "{728B5C82-FD81-4B82-B7EB-8253E138895D}"
EndProject
Project("{FAE04EC0-301F-11D3-BF4B-00C04F79EFBC}") = "SamplePackage", "..\SamplePackage\SamplePackage.csproj", "{B1EF36CC-5814-4852-8446-BA2D28C44D8E}"
EndProject
Global
	GlobalSection(SolutionConfigurationPlatforms) = preSolution
		Debug|Any CPU = Debug|Any CPU
		Release|Any CPU = Release|Any CPU
	EndGlobalSection
	GlobalSection(ProjectConfigurationPlatforms) = postSolution
		{728B5C82-FD81-4B82-B7EB-8253E138895D}.Debug|Any CPU.ActiveCfg = Debug|Any CPU
		{728B5C82-FD81-4B82-B7EB-8253E138895D}.Debug|Any CPU.Build.0 = Debug|Any CPU
		{728B5C82-FD81-4B82-B7EB-8253E138895D}.Release|Any CPU.ActiveCfg = Release|Any CPU
		{728B5C82-FD81-4B82-B7EB-8253E138895D}.Release|Any CPU.Build.0 = Release|Any CPU
		{B1EF36CC-5814-4852-8446-BA2D28C44D8E}.Debug|Any CPU.ActiveCfg = Debug|Any CPU
		{B1EF36CC-5814-4852-8446-BA2D28C44D8E}.Debug|Any CPU.Build.0 = Debug|Any CPU
		{B1EF36CC-5814-4852-8446-BA2D28C44D8E}.Release|Any CPU.ActiveCfg = Release|Any CPU
		{B1EF36CC-5814-4852-8446-BA2D28C44D8E}.Release|Any CPU.Build.0 = Release|Any CPU
	EndGlobalSection
	GlobalSection(SolutionProperties) = preSolution
		HideSolutionNode = FALSE
	EndGlobalSection
EndGlobal
