
Microsoft Visual Studio Solution File, Format Version 11.00
# Visual Studio 2010
Project("{FAE04EC0-301F-11D3-BF4B-00C04F79EFBC}") = "IntroToFubu", "IntroToFubu\IntroToFubu.csproj", "{1BC3065A-F1D2-4C5C-90EE-BFE1261E404D}"
EndProject
Global
	GlobalSection(SolutionConfigurationPlatforms) = preSolution
		Debug|Any CPU = Debug|Any CPU
		Release|Any CPU = Release|Any CPU
	EndGlobalSection
	GlobalSection(ProjectConfigurationPlatforms) = postSolution
		{1BC3065A-F1D2-4C5C-90EE-BFE1261E404D}.Debug|Any CPU.ActiveCfg = Debug|Any CPU
		{1BC3065A-F1D2-4C5C-90EE-BFE1261E404D}.Debug|Any CPU.Build.0 = Debug|Any CPU
		{1BC3065A-F1D2-4C5C-90EE-BFE1261E404D}.Release|Any CPU.ActiveCfg = Release|Any CPU
		{1BC3065A-F1D2-4C5C-90EE-BFE1261E404D}.Release|Any CPU.Build.0 = Release|Any CPU
	EndGlobalSection
	GlobalSection(SolutionProperties) = preSolution
		HideSolutionNode = FALSE
	EndGlobalSection
EndGlobal
